// !$*UTF8*$!
{
	archiveVersion = 1;
	classes = {
	};
	objectVersion = 56;
	objects = {

/* Begin PBXBuildFile section */
		2B7E50F1299BC72000AAD24E /* DashboardViewModel.swift in Sources */ = {isa = PBXBuildFile; fileRef = 2B7E50F0299BC72000AAD24E /* DashboardViewModel.swift */; };
		2B7E50F3299BC72B00AAD24E /* StoryView.swift in Sources */ = {isa = PBXBuildFile; fileRef = 2B7E50F2299BC72B00AAD24E /* StoryView.swift */; };
		2B7E50F6299BC7C700AAD24E /* NetworkManager.swift in Sources */ = {isa = PBXBuildFile; fileRef = 2B7E50F5299BC7C700AAD24E /* NetworkManager.swift */; };
		2B7E50F8299BC87800AAD24E /* InstaError.swift in Sources */ = {isa = PBXBuildFile; fileRef = 2B7E50F7299BC87800AAD24E /* InstaError.swift */; };
		2B7E50FB299BC98A00AAD24E /* UserDTO.swift in Sources */ = {isa = PBXBuildFile; fileRef = 2B7E50FA299BC98A00AAD24E /* UserDTO.swift */; };
		2B7E50FD299BD54600AAD24E /* PostView.swift in Sources */ = {isa = PBXBuildFile; fileRef = 2B7E50FC299BD54600AAD24E /* PostView.swift */; };
		2B7E50FF299BEA9500AAD24E /* DashboardUseCase.swift in Sources */ = {isa = PBXBuildFile; fileRef = 2B7E50FE299BEA9500AAD24E /* DashboardUseCase.swift */; };
		2B7E5101299BEAC300AAD24E /* PostProvider.swift in Sources */ = {isa = PBXBuildFile; fileRef = 2B7E5100299BEAC300AAD24E /* PostProvider.swift */; };
		2B7E5103299BEAD600AAD24E /* UserProvider.swift in Sources */ = {isa = PBXBuildFile; fileRef = 2B7E5102299BEAD600AAD24E /* UserProvider.swift */; };
		2BDB515B299BBBD80008083B /* InstaApp.swift in Sources */ = {isa = PBXBuildFile; fileRef = 2BDB515A299BBBD80008083B /* InstaApp.swift */; };
		2BDB515D299BBBD80008083B /* DashboardView.swift in Sources */ = {isa = PBXBuildFile; fileRef = 2BDB515C299BBBD80008083B /* DashboardView.swift */; };
		2BDB515F299BBBD90008083B /* Assets.xcassets in Resources */ = {isa = PBXBuildFile; fileRef = 2BDB515E299BBBD90008083B /* Assets.xcassets */; };
		2BDB5162299BBBD90008083B /* Preview Assets.xcassets in Resources */ = {isa = PBXBuildFile; fileRef = 2BDB5161299BBBD90008083B /* Preview Assets.xcassets */; };
		2BDB5164299BBBD90008083B /* Persistence.swift in Sources */ = {isa = PBXBuildFile; fileRef = 2BDB5163299BBBD90008083B /* Persistence.swift */; };
		2BDB5167299BBBD90008083B /* Insta.xcdatamodeld in Sources */ = {isa = PBXBuildFile; fileRef = 2BDB5165299BBBD90008083B /* Insta.xcdatamodeld */; };
		2BDB5172299BBF1B0008083B /* User.swift in Sources */ = {isa = PBXBuildFile; fileRef = 2BDB516E299BBF1B0008083B /* User.swift */; };
		2BDB5174299BBF1B0008083B /* Post.swift in Sources */ = {isa = PBXBuildFile; fileRef = 2BDB5170299BBF1B0008083B /* Post.swift */; };
/* End PBXBuildFile section */

/* Begin PBXFileReference section */
		2B7E50F0299BC72000AAD24E /* DashboardViewModel.swift */ = {isa = PBXFileReference; lastKnownFileType = sourcecode.swift; path = DashboardViewModel.swift; sourceTree = "<group>"; };
		2B7E50F2299BC72B00AAD24E /* StoryView.swift */ = {isa = PBXFileReference; lastKnownFileType = sourcecode.swift; path = StoryView.swift; sourceTree = "<group>"; };
		2B7E50F5299BC7C700AAD24E /* NetworkManager.swift */ = {isa = PBXFileReference; lastKnownFileType = sourcecode.swift; path = NetworkManager.swift; sourceTree = "<group>"; };
		2B7E50F7299BC87800AAD24E /* InstaError.swift */ = {isa = PBXFileReference; lastKnownFileType = sourcecode.swift; path = InstaError.swift; sourceTree = "<group>"; };
		2B7E50FA299BC98A00AAD24E /* UserDTO.swift */ = {isa = PBXFileReference; lastKnownFileType = sourcecode.swift; path = UserDTO.swift; sourceTree = "<group>"; };
		2B7E50FC299BD54600AAD24E /* PostView.swift */ = {isa = PBXFileReference; lastKnownFileType = sourcecode.swift; path = PostView.swift; sourceTree = "<group>"; };
		2B7E50FE299BEA9500AAD24E /* DashboardUseCase.swift */ = {isa = PBXFileReference; lastKnownFileType = sourcecode.swift; path = DashboardUseCase.swift; sourceTree = "<group>"; };
		2B7E5100299BEAC300AAD24E /* PostProvider.swift */ = {isa = PBXFileReference; lastKnownFileType = sourcecode.swift; path = PostProvider.swift; sourceTree = "<group>"; };
		2B7E5102299BEAD600AAD24E /* UserProvider.swift */ = {isa = PBXFileReference; lastKnownFileType = sourcecode.swift; path = UserProvider.swift; sourceTree = "<group>"; };
		2BDB5157299BBBD80008083B /* Insta.app */ = {isa = PBXFileReference; explicitFileType = wrapper.application; includeInIndex = 0; path = Insta.app; sourceTree = BUILT_PRODUCTS_DIR; };
		2BDB515A299BBBD80008083B /* InstaApp.swift */ = {isa = PBXFileReference; lastKnownFileType = sourcecode.swift; path = InstaApp.swift; sourceTree = "<group>"; };
		2BDB515C299BBBD80008083B /* DashboardView.swift */ = {isa = PBXFileReference; lastKnownFileType = sourcecode.swift; path = DashboardView.swift; sourceTree = "<group>"; };
		2BDB515E299BBBD90008083B /* Assets.xcassets */ = {isa = PBXFileReference; lastKnownFileType = folder.assetcatalog; path = Assets.xcassets; sourceTree = "<group>"; };
		2BDB5161299BBBD90008083B /* Preview Assets.xcassets */ = {isa = PBXFileReference; lastKnownFileType = folder.assetcatalog; path = "Preview Assets.xcassets"; sourceTree = "<group>"; };
		2BDB5163299BBBD90008083B /* Persistence.swift */ = {isa = PBXFileReference; lastKnownFileType = sourcecode.swift; path = Persistence.swift; sourceTree = "<group>"; };
		2BDB5166299BBBD90008083B /* Insta.xcdatamodel */ = {isa = PBXFileReference; lastKnownFileType = wrapper.xcdatamodel; path = Insta.xcdatamodel; sourceTree = "<group>"; };
		2BDB516E299BBF1B0008083B /* User.swift */ = {isa = PBXFileReference; lastKnownFileType = sourcecode.swift; path = User.swift; sourceTree = "<group>"; };
		2BDB5170299BBF1B0008083B /* Post.swift */ = {isa = PBXFileReference; lastKnownFileType = sourcecode.swift; path = Post.swift; sourceTree = "<group>"; };
/* End PBXFileReference section */

/* Begin PBXFrameworksBuildPhase section */
		2BDB5154299BBBD80008083B /* Frameworks */ = {
			isa = PBXFrameworksBuildPhase;
			buildActionMask = 2147483647;
			files = (
			);
			runOnlyForDeploymentPostprocessing = 0;
		};
/* End PBXFrameworksBuildPhase section */

/* Begin PBXGroup section */
		2B7E50EE299BC68A00AAD24E /* View */ = {
			isa = PBXGroup;
			children = (
				2B7E50F2299BC72B00AAD24E /* StoryView.swift */,
				2B7E50FC299BD54600AAD24E /* PostView.swift */,
			);
			path = View;
			sourceTree = "<group>";
		};
		2B7E50EF299BC71400AAD24E /* Dashboard */ = {
			isa = PBXGroup;
			children = (
				2B7E50FE299BEA9500AAD24E /* DashboardUseCase.swift */,
				2BDB515C299BBBD80008083B /* DashboardView.swift */,
				2B7E50F0299BC72000AAD24E /* DashboardViewModel.swift */,
				2B7E50EE299BC68A00AAD24E /* View */,
			);
			path = Dashboard;
			sourceTree = "<group>";
		};
		2B7E50F4299BC7BA00AAD24E /* Services */ = {
			isa = PBXGroup;
			children = (
				2BDB5163299BBBD90008083B /* Persistence.swift */,
				2B7E50F5299BC7C700AAD24E /* NetworkManager.swift */,
				2B7E50F7299BC87800AAD24E /* InstaError.swift */,
				2B7E5100299BEAC300AAD24E /* PostProvider.swift */,
				2B7E5102299BEAD600AAD24E /* UserProvider.swift */,
			);
			path = Services;
			sourceTree = "<group>";
		};
		2B7E50F9299BC97300AAD24E /* DTOs */ = {
			isa = PBXGroup;
			children = (
				2B7E50FA299BC98A00AAD24E /* UserDTO.swift */,
			);
			path = DTOs;
			sourceTree = "<group>";
		};
		2BDB514E299BBBD80008083B = {
			isa = PBXGroup;
			children = (
				2BDB5159299BBBD80008083B /* Insta */,
				2BDB5158299BBBD80008083B /* Products */,
			);
			sourceTree = "<group>";
		};
		2BDB5158299BBBD80008083B /* Products */ = {
			isa = PBXGroup;
			children = (
				2BDB5157299BBBD80008083B /* Insta.app */,
			);
			name = Products;
			sourceTree = "<group>";
		};
		2BDB5159299BBBD80008083B /* Insta */ = {
			isa = PBXGroup;
			children = (
				2B7E50F9299BC97300AAD24E /* DTOs */,
				2B7E50F4299BC7BA00AAD24E /* Services */,
				2B7E50EF299BC71400AAD24E /* Dashboard */,
				2BDB516D299BBE190008083B /* Models */,
				2BDB515A299BBBD80008083B /* InstaApp.swift */,
				2BDB515E299BBBD90008083B /* Assets.xcassets */,
				2BDB5165299BBBD90008083B /* Insta.xcdatamodeld */,
				2BDB5160299BBBD90008083B /* Preview Content */,
			);
			path = Insta;
			sourceTree = "<group>";
		};
		2BDB5160299BBBD90008083B /* Preview Content */ = {
			isa = PBXGroup;
			children = (
				2BDB5161299BBBD90008083B /* Preview Assets.xcassets */,
			);
			path = "Preview Content";
			sourceTree = "<group>";
		};
		2BDB516D299BBE190008083B /* Models */ = {
			isa = PBXGroup;
			children = (
				2BDB516E299BBF1B0008083B /* User.swift */,
				2BDB5170299BBF1B0008083B /* Post.swift */,
			);
			path = Models;
			sourceTree = "<group>";
		};
/* End PBXGroup section */

/* Begin PBXNativeTarget section */
		2BDB5156299BBBD80008083B /* Insta */ = {
			isa = PBXNativeTarget;
			buildConfigurationList = 2BDB516A299BBBD90008083B /* Build configuration list for PBXNativeTarget "Insta" */;
			buildPhases = (
				2BDB5153299BBBD80008083B /* Sources */,
				2BDB5154299BBBD80008083B /* Frameworks */,
				2BDB5155299BBBD80008083B /* Resources */,
			);
			buildRules = (
			);
			dependencies = (
			);
			name = Insta;
			productName = Insta;
			productReference = 2BDB5157299BBBD80008083B /* Insta.app */;
			productType = "com.apple.product-type.application";
		};
/* End PBXNativeTarget section */

/* Begin PBXProject section */
		2BDB514F299BBBD80008083B /* Project object */ = {
			isa = PBXProject;
			attributes = {
				BuildIndependentTargetsInParallel = 1;
				LastSwiftUpdateCheck = 1420;
				LastUpgradeCheck = 1420;
				TargetAttributes = {
					2BDB5156299BBBD80008083B = {
						CreatedOnToolsVersion = 14.2;
					};
				};
			};
			buildConfigurationList = 2BDB5152299BBBD80008083B /* Build configuration list for PBXProject "Insta" */;
			compatibilityVersion = "Xcode 14.0";
			developmentRegion = en;
			hasScannedForEncodings = 0;
			knownRegions = (
				en,
				Base,
			);
			mainGroup = 2BDB514E299BBBD80008083B;
			productRefGroup = 2BDB5158299BBBD80008083B /* Products */;
			projectDirPath = "";
			projectRoot = "";
			targets = (
				2BDB5156299BBBD80008083B /* Insta */,
			);
		};
/* End PBXProject section */

/* Begin PBXResourcesBuildPhase section */
		2BDB5155299BBBD80008083B /* Resources */ = {
			isa = PBXResourcesBuildPhase;
			buildActionMask = 2147483647;
			files = (
				2BDB5162299BBBD90008083B /* Preview Assets.xcassets in Resources */,
				2BDB515F299BBBD90008083B /* Assets.xcassets in Resources */,
			);
			runOnlyForDeploymentPostprocessing = 0;
		};
/* End PBXResourcesBuildPhase section */

/* Begin PBXSourcesBuildPhase section */
		2BDB5153299BBBD80008083B /* Sources */ = {
			isa = PBXSourcesBuildPhase;
			buildActionMask = 2147483647;
			files = (
				2B7E50FF299BEA9500AAD24E /* DashboardUseCase.swift in Sources */,
				2B7E50F6299BC7C700AAD24E /* NetworkManager.swift in Sources */,
				2BDB5164299BBBD90008083B /* Persistence.swift in Sources */,
				2BDB5174299BBF1B0008083B /* Post.swift in Sources */,
				2B7E5103299BEAD600AAD24E /* UserProvider.swift in Sources */,
				2B7E50FB299BC98A00AAD24E /* UserDTO.swift in Sources */,
				2BDB5167299BBBD90008083B /* Insta.xcdatamodeld in Sources */,
				2B7E50F8299BC87800AAD24E /* InstaError.swift in Sources */,
				2BDB515D299BBBD80008083B /* DashboardView.swift in Sources */,
				2BDB515B299BBBD80008083B /* InstaApp.swift in Sources */,
				2BDB5172299BBF1B0008083B /* User.swift in Sources */,
				2B7E5101299BEAC300AAD24E /* PostProvider.swift in Sources */,
				2B7E50F3299BC72B00AAD24E /* StoryView.swift in Sources */,
				2B7E50FD299BD54600AAD24E /* PostView.swift in Sources */,
				2B7E50F1299BC72000AAD24E /* DashboardViewModel.swift in Sources */,
			);
			runOnlyForDeploymentPostprocessing = 0;
		};
/* End PBXSourcesBuildPhase section */

/* Begin XCBuildConfiguration section */
		2BDB5168299BBBD90008083B /* Debug */ = {
			isa = XCBuildConfiguration;
			buildSettings = {
				ALWAYS_SEARCH_USER_PATHS = NO;
				CLANG_ANALYZER_NONNULL = YES;
				CLANG_ANALYZER_NUMBER_OBJECT_CONVERSION = YES_AGGRESSIVE;
				CLANG_CXX_LANGUAGE_STANDARD = "gnu++20";
				CLANG_ENABLE_MODULES = YES;
				CLANG_ENABLE_OBJC_ARC = YES;
				CLANG_ENABLE_OBJC_WEAK = YES;
				CLANG_WARN_BLOCK_CAPTURE_AUTORELEASING = YES;
				CLANG_WARN_BOOL_CONVERSION = YES;
				CLANG_WARN_COMMA = YES;
				CLANG_WARN_CONSTANT_CONVERSION = YES;
				CLANG_WARN_DEPRECATED_OBJC_IMPLEMENTATIONS = YES;
				CLANG_WARN_DIRECT_OBJC_ISA_USAGE = YES_ERROR;
				CLANG_WARN_DOCUMENTATION_COMMENTS = YES;
				CLANG_WARN_EMPTY_BODY = YES;
				CLANG_WARN_ENUM_CONVERSION = YES;
				CLANG_WARN_INFINITE_RECURSION = YES;
				CLANG_WARN_INT_CONVERSION = YES;
				CLANG_WARN_NON_LITERAL_NULL_CONVERSION = YES;
				CLANG_WARN_OBJC_IMPLICIT_RETAIN_SELF = YES;
				CLANG_WARN_OBJC_LITERAL_CONVERSION = YES;
				CLANG_WARN_OBJC_ROOT_CLASS = YES_ERROR;
				CLANG_WARN_QUOTED_INCLUDE_IN_FRAMEWORK_HEADER = YES;
				CLANG_WARN_RANGE_LOOP_ANALYSIS = YES;
				CLANG_WARN_STRICT_PROTOTYPES = YES;
				CLANG_WARN_SUSPICIOUS_MOVE = YES;
				CLANG_WARN_UNGUARDED_AVAILABILITY = YES_AGGRESSIVE;
				CLANG_WARN_UNREACHABLE_CODE = YES;
				CLANG_WARN__DUPLICATE_METHOD_MATCH = YES;
				COPY_PHASE_STRIP = NO;
				DEBUG_INFORMATION_FORMAT = dwarf;
				ENABLE_STRICT_OBJC_MSGSEND = YES;
				ENABLE_TESTABILITY = YES;
				GCC_C_LANGUAGE_STANDARD = gnu11;
				GCC_DYNAMIC_NO_PIC = NO;
				GCC_NO_COMMON_BLOCKS = YES;
				GCC_OPTIMIZATION_LEVEL = 0;
				GCC_PREPROCESSOR_DEFINITIONS = (
					"DEBUG=1",
					"$(inherited)",
				);
				GCC_WARN_64_TO_32_BIT_CONVERSION = YES;
				GCC_WARN_ABOUT_RETURN_TYPE = YES_ERROR;
				GCC_WARN_UNDECLARED_SELECTOR = YES;
				GCC_WARN_UNINITIALIZED_AUTOS = YES_AGGRESSIVE;
				GCC_WARN_UNUSED_FUNCTION = YES;
				GCC_WARN_UNUSED_VARIABLE = YES;
				IPHONEOS_DEPLOYMENT_TARGET = 16.2;
				MTL_ENABLE_DEBUG_INFO = INCLUDE_SOURCE;
				MTL_FAST_MATH = YES;
				ONLY_ACTIVE_ARCH = YES;
				SDKROOT = iphoneos;
				SWIFT_ACTIVE_COMPILATION_CONDITIONS = DEBUG;
				SWIFT_OPTIMIZATION_LEVEL = "-Onone";
			};
			name = Debug;
		};
		2BDB5169299BBBD90008083B /* Release */ = {
			isa = XCBuildConfiguration;
			buildSettings = {
				ALWAYS_SEARCH_USER_PATHS = NO;
				CLANG_ANALYZER_NONNULL = YES;
				CLANG_ANALYZER_NUMBER_OBJECT_CONVERSION = YES_AGGRESSIVE;
				CLANG_CXX_LANGUAGE_STANDARD = "gnu++20";
				CLANG_ENABLE_MODULES = YES;
				CLANG_ENABLE_OBJC_ARC = YES;
				CLANG_ENABLE_OBJC_WEAK = YES;
				CLANG_WARN_BLOCK_CAPTURE_AUTORELEASING = YES;
				CLANG_WARN_BOOL_CONVERSION = YES;
				CLANG_WARN_COMMA = YES;
				CLANG_WARN_CONSTANT_CONVERSION = YES;
				CLANG_WARN_DEPRECATED_OBJC_IMPLEMENTATIONS = YES;
				CLANG_WARN_DIRECT_OBJC_ISA_USAGE = YES_ERROR;
				CLANG_WARN_DOCUMENTATION_COMMENTS = YES;
				CLANG_WARN_EMPTY_BODY = YES;
				CLANG_WARN_ENUM_CONVERSION = YES;
				CLANG_WARN_INFINITE_RECURSION = YES;
				CLANG_WARN_INT_CONVERSION = YES;
				CLANG_WARN_NON_LITERAL_NULL_CONVERSION = YES;
				CLANG_WARN_OBJC_IMPLICIT_RETAIN_SELF = YES;
				CLANG_WARN_OBJC_LITERAL_CONVERSION = YES;
				CLANG_WARN_OBJC_ROOT_CLASS = YES_ERROR;
				CLANG_WARN_QUOTED_INCLUDE_IN_FRAMEWORK_HEADER = YES;
				CLANG_WARN_RANGE_LOOP_ANALYSIS = YES;
				CLANG_WARN_STRICT_PROTOTYPES = YES;
				CLANG_WARN_SUSPICIOUS_MOVE = YES;
				CLANG_WARN_UNGUARDED_AVAILABILITY = YES_AGGRESSIVE;
				CLANG_WARN_UNREACHABLE_CODE = YES;
				CLANG_WARN__DUPLICATE_METHOD_MATCH = YES;
				COPY_PHASE_STRIP = NO;
				DEBUG_INFORMATION_FORMAT = "dwarf-with-dsym";
				ENABLE_NS_ASSERTIONS = NO;
				ENABLE_STRICT_OBJC_MSGSEND = YES;
				GCC_C_LANGUAGE_STANDARD = gnu11;
				GCC_NO_COMMON_BLOCKS = YES;
				GCC_WARN_64_TO_32_BIT_CONVERSION = YES;
				GCC_WARN_ABOUT_RETURN_TYPE = YES_ERROR;
				GCC_WARN_UNDECLARED_SELECTOR = YES;
				GCC_WARN_UNINITIALIZED_AUTOS = YES_AGGRESSIVE;
				GCC_WARN_UNUSED_FUNCTION = YES;
				GCC_WARN_UNUSED_VARIABLE = YES;
				IPHONEOS_DEPLOYMENT_TARGET = 16.2;
				MTL_ENABLE_DEBUG_INFO = NO;
				MTL_FAST_MATH = YES;
				SDKROOT = iphoneos;
				SWIFT_COMPILATION_MODE = wholemodule;
				SWIFT_OPTIMIZATION_LEVEL = "-O";
				VALIDATE_PRODUCT = YES;
			};
			name = Release;
		};
		2BDB516B299BBBD90008083B /* Debug */ = {
			isa = XCBuildConfiguration;
			buildSettings = {
				ASSETCATALOG_COMPILER_APPICON_NAME = AppIcon;
				ASSETCATALOG_COMPILER_GLOBAL_ACCENT_COLOR_NAME = AccentColor;
				CODE_SIGN_STYLE = Automatic;
				CURRENT_PROJECT_VERSION = 1;
				DEVELOPMENT_ASSET_PATHS = "\"Insta/Preview Content\"";
				DEVELOPMENT_TEAM = 2GS3DZHCM6;
				ENABLE_PREVIEWS = YES;
				GENERATE_INFOPLIST_FILE = YES;
				INFOPLIST_KEY_UIApplicationSceneManifest_Generation = YES;
				INFOPLIST_KEY_UIApplicationSupportsIndirectInputEvents = YES;
				INFOPLIST_KEY_UILaunchScreen_Generation = YES;
				INFOPLIST_KEY_UISupportedInterfaceOrientations_iPad = "UIInterfaceOrientationPortrait UIInterfaceOrientationPortraitUpsideDown UIInterfaceOrientationLandscapeLeft UIInterfaceOrientationLandscapeRight";
				INFOPLIST_KEY_UISupportedInterfaceOrientations_iPhone = "UIInterfaceOrientationPortrait UIInterfaceOrientationLandscapeLeft UIInterfaceOrientationLandscapeRight";
				LD_RUNPATH_SEARCH_PATHS = (
					"$(inherited)",
					"@executable_path/Frameworks",
				);
				MARKETING_VERSION = 1.0;
				PRODUCT_BUNDLE_IDENTIFIER = PAM.Insta;
				PRODUCT_NAME = "$(TARGET_NAME)";
				SWIFT_EMIT_LOC_STRINGS = YES;
				SWIFT_VERSION = 5.0;
				TARGETED_DEVICE_FAMILY = "1,2";
			};
			name = Debug;
		};
		2BDB516C299BBBD90008083B /* Release */ = {
			isa = XCBuildConfiguration;
			buildSettings = {
				ASSETCATALOG_COMPILER_APPICON_NAME = AppIcon;
				ASSETCATALOG_COMPILER_GLOBAL_ACCENT_COLOR_NAME = AccentColor;
				CODE_SIGN_STYLE = Automatic;
				CURRENT_PROJECT_VERSION = 1;
				DEVELOPMENT_ASSET_PATHS = "\"Insta/Preview Content\"";
				DEVELOPMENT_TEAM = 2GS3DZHCM6;
				ENABLE_PREVIEWS = YES;
				GENERATE_INFOPLIST_FILE = YES;
				INFOPLIST_KEY_UIApplicationSceneManifest_Generation = YES;
				INFOPLIST_KEY_UIApplicationSupportsIndirectInputEvents = YES;
				INFOPLIST_KEY_UILaunchScreen_Generation = YES;
				INFOPLIST_KEY_UISupportedInterfaceOrientations_iPad = "UIInterfaceOrientationPortrait UIInterfaceOrientationPortraitUpsideDown UIInterfaceOrientationLandscapeLeft UIInterfaceOrientationLandscapeRight";
				INFOPLIST_KEY_UISupportedInterfaceOrientations_iPhone = "UIInterfaceOrientationPortrait UIInterfaceOrientationLandscapeLeft UIInterfaceOrientationLandscapeRight";
				LD_RUNPATH_SEARCH_PATHS = (
					"$(inherited)",
					"@executable_path/Frameworks",
				);
				MARKETING_VERSION = 1.0;
				PRODUCT_BUNDLE_IDENTIFIER = PAM.Insta;
				PRODUCT_NAME = "$(TARGET_NAME)";
				SWIFT_EMIT_LOC_STRINGS = YES;
				SWIFT_VERSION = 5.0;
				TARGETED_DEVICE_FAMILY = "1,2";
			};
			name = Release;
		};
/* End XCBuildConfiguration section */

/* Begin XCConfigurationList section */
		2BDB5152299BBBD80008083B /* Build configuration list for PBXProject "Insta" */ = {
			isa = XCConfigurationList;
			buildConfigurations = (
				2BDB5168299BBBD90008083B /* Debug */,
				2BDB5169299BBBD90008083B /* Release */,
			);
			defaultConfigurationIsVisible = 0;
			defaultConfigurationName = Release;
		};
		2BDB516A299BBBD90008083B /* Build configuration list for PBXNativeTarget "Insta" */ = {
			isa = XCConfigurationList;
			buildConfigurations = (
				2BDB516B299BBBD90008083B /* Debug */,
				2BDB516C299BBBD90008083B /* Release */,
			);
			defaultConfigurationIsVisible = 0;
			defaultConfigurationName = Release;
		};
/* End XCConfigurationList section */

/* Begin XCVersionGroup section */
		2BDB5165299BBBD90008083B /* Insta.xcdatamodeld */ = {
			isa = XCVersionGroup;
			children = (
				2BDB5166299BBBD90008083B /* Insta.xcdatamodel */,
			);
			currentVersion = 2BDB5166299BBBD90008083B /* Insta.xcdatamodel */;
			path = Insta.xcdatamodeld;
			sourceTree = "<group>";
			versionGroupType = wrapper.xcdatamodel;
		};
/* End XCVersionGroup section */
	};
	rootObject = 2BDB514F299BBBD80008083B /* Project object */;
}
